{
  "object": {
    "pins": [
      {
        "package": "CLIHandler",
        "repositoryURL": "https://github.com/reizu/swift-cli-handler.git",
        "state": {
          "branch": "master",
          "revision": "b53879f87641a76751d38929390da37c33d09185",
          "version": null
        }
      },
      {
        "package": "Common",
        "repositoryURL": "https://github.com/reizu/swift-common.git",
        "state": {
          "branch": "master",
          "revision": "cea5e7bd3558bee8eb8309b1d835c7cd43728dff",
          "version": null
        }
      },
      {
        "package": "SwiftPM",
        "repositoryURL": "https://github.com/apple/swift-package-manager.git",
        "state": {
          "branch": null,
          "revision": "63a01220e93271dc3bf204b9e13dd1aeb2beefee",
          "version": "0.2.0"
        }
      },
      {
        "package": "Shell",
        "repositoryURL": "https://github.com/reizu/swift-shell.git",
        "state": {
          "branch": "master",
          "revision": "3b940fea355fcbbfb0e9818bf36c3079d6bdea2a",
          "version": null
        }
      }
    ]
  },
  "version": 1
}
