{
  "object": {
    "pins": [
      {
        "package": "CLIHandler",
        "repositoryURL": "https://github.com/reizu/swift-cli-handler.git",
        "state": {
          "branch": "master",
          "revision": "a113e55b50b2d81afa30278f9e8dec82850b16a0",
          "version": null
        }
      },
      {
        "package": "Common",
        "repositoryURL": "https://github.com/reizu/swift-common.git",
        "state": {
          "branch": "master",
          "revision": "cea5e7bd3558bee8eb8309b1d835c7cd43728dff",
          "version": null
        }
      },
      {
        "package": "SwiftPM",
        "repositoryURL": "https://github.com/apple/swift-package-manager.git",
        "state": {
          "branch": null,
          "revision": "6983434787dec4e543e9d398a0a9acf63ccd4da1",
          "version": "0.2.1"
        }
      },
      {
        "package": "Shell",
        "repositoryURL": "https://github.com/reizu/swift-shell.git",
        "state": {
          "branch": "master",
          "revision": "098142e7e9b248e217b89f250954b81b39ff2f04",
          "version": null
        }
      }
    ]
  },
  "version": 1
}
