{
  "object": {
    "pins": [
      {
        "package": "Common",
        "repositoryURL": "https://github.com/reizu/swift-common.git",
        "state": {
          "branch": "master",
          "revision": "cefbaa27b7fe2477fa02c385270d7e28a505f5cd",
          "version": null
        }
      },
      {
        "package": "SwiftPM",
        "repositoryURL": "https://github.com/apple/swift-package-manager.git",
        "state": {
          "branch": null,
          "revision": "63a01220e93271dc3bf204b9e13dd1aeb2beefee",
          "version": "0.2.0"
        }
      },
      {
        "package": "SwiftShell",
        "repositoryURL": "https://github.com/kareman/SwiftShell",
        "state": {
          "branch": null,
          "revision": "b9fd06798993153bc57cde10ee6c75ddc55c2dbd",
          "version": "4.0.2"
        }
      }
    ]
  },
  "version": 1
}
